# This file is automatically @generated by Cargo.
# It is not intended for manual editing.
version = 3

[[package]]
name = "ahash"
version = "0.8.3"
source = "registry+https://github.com/rust-lang/crates.io-index"
checksum = "2c99f64d1e06488f620f932677e24bc6e2897582980441ae90a671415bd7ec2f"
dependencies = [
 "cfg-if",
 "once_cell",
 "version_check",
]

[[package]]
name = "anyhow"
version = "1.0.70"
source = "registry+https://github.com/rust-lang/crates.io-index"
checksum = "7de8ce5e0f9f8d88245311066a578d72b7af3e7088f32783804676302df237e4"

[[package]]
name = "autocfg"
version = "1.1.0"
source = "registry+https://github.com/rust-lang/crates.io-index"
checksum = "d468802bab17cbc0cc575e9b053f41e72aa36bfa6b7f55e3529ffa43161b97fa"

[[package]]
name = "bitflags"
version = "1.3.2"
source = "registry+https://github.com/rust-lang/crates.io-index"
checksum = "bef38d45163c2f1dde094a7dfd33ccf595c92905c8f8f4fdc18d06fb1037718a"

[[package]]
name = "bumpalo"
version = "3.12.0"
source = "registry+https://github.com/rust-lang/crates.io-index"
checksum = "0d261e256854913907f67ed06efbc3338dfe6179796deefc1ff763fc1aee5535"

[[package]]
name = "byteorder"
version = "1.4.3"
source = "registry+https://github.com/rust-lang/crates.io-index"
checksum = "14c189c53d098945499cdfa7ecc63567cf3886b3332b312a5b4585d8d3a6a610"

[[package]]
name = "cc"
version = "1.0.79"
source = "registry+https://github.com/rust-lang/crates.io-index"
checksum = "50d30906286121d95be3d479533b458f87493b30a4b5f79a607db8f5d11aa91f"

[[package]]
name = "cfg-if"
version = "1.0.0"
source = "registry+https://github.com/rust-lang/crates.io-index"
checksum = "baf1de4339761588bc0619e3cbc0120ee582ebb74b53b4efbf79117bd2da40fd"

[[package]]
name = "clap"
version = "4.1.13"
source = "registry+https://github.com/rust-lang/crates.io-index"
checksum = "3c911b090850d79fc64fe9ea01e28e465f65e821e08813ced95bced72f7a8a9b"
dependencies = [
 "bitflags",
 "clap_derive",
 "clap_lex",
 "is-terminal",
 "once_cell",
 "strsim",
 "termcolor",
]

[[package]]
name = "clap_derive"
version = "4.1.12"
source = "registry+https://github.com/rust-lang/crates.io-index"
checksum = "9a932373bab67b984c790ddf2c9ca295d8e3af3b7ef92de5a5bacdccdee4b09b"
dependencies = [
 "heck",
 "proc-macro2",
 "quote",
 "syn",
]

[[package]]
name = "clap_lex"
version = "0.3.3"
source = "registry+https://github.com/rust-lang/crates.io-index"
checksum = "033f6b7a4acb1f358c742aaca805c939ee73b4c6209ae4318ec7aca81c42e646"
dependencies = [
 "os_str_bytes",
]

[[package]]
name = "cranelift"
version = "0.94.0"
source = "registry+https://github.com/rust-lang/crates.io-index"
checksum = "03353cddcfd3b3e68e412882bd7a77d4d0ec04e01d0ecf487b35ca96c4c8277d"
dependencies = [
 "cranelift-codegen",
 "cranelift-frontend",
]

[[package]]
name = "cranelift-bforest"
version = "0.94.0"
source = "registry+https://github.com/rust-lang/crates.io-index"
checksum = "862eb053fc21f991db27c73bc51494fe77aadfa09ea257cb43b62a2656fd4cc1"
dependencies = [
 "cranelift-entity",
]

[[package]]
name = "cranelift-codegen"
version = "0.94.0"
source = "registry+https://github.com/rust-lang/crates.io-index"
checksum = "038a74bc85da2f6f9e237c51b7998b47229c0f9da69b4c6b0590cf6621c45d46"
dependencies = [
 "bumpalo",
 "cranelift-bforest",
 "cranelift-codegen-meta",
 "cranelift-codegen-shared",
 "cranelift-entity",
 "cranelift-isle",
 "gimli",
 "hashbrown 0.13.2",
 "log",
 "regalloc2",
 "smallvec",
 "target-lexicon",
]

[[package]]
name = "cranelift-codegen-meta"
version = "0.94.0"
source = "registry+https://github.com/rust-lang/crates.io-index"
checksum = "c7fb720a7955cf7cc92c58f3896952589062e6f12d8eb35ef4337e708ed2e738"
dependencies = [
 "cranelift-codegen-shared",
]

[[package]]
name = "cranelift-codegen-shared"
version = "0.94.0"
source = "registry+https://github.com/rust-lang/crates.io-index"
checksum = "c0954f9426cf0fa7ad57910ea5822a09c5da590222a767a6c38080a8534a0af8"

[[package]]
name = "cranelift-entity"
version = "0.94.0"
source = "registry+https://github.com/rust-lang/crates.io-index"
checksum = "68c7096c1a66cfa73899645f0a46a6f5c91641e678eeafb0fc47a19ab34069ca"

[[package]]
name = "cranelift-frontend"
version = "0.94.0"
source = "registry+https://github.com/rust-lang/crates.io-index"
checksum = "697f2fdaceb228fea413ea91baa7c6b8533fc2e61ac5a08db7acc1b31e673a2a"
dependencies = [
 "cranelift-codegen",
 "log",
 "smallvec",
 "target-lexicon",
]

[[package]]
name = "cranelift-isle"
version = "0.94.0"
source = "registry+https://github.com/rust-lang/crates.io-index"
checksum = "f41037f4863e0c6716dbe60e551d501f4197383cb43d75038c0170159fc8fb5b"

[[package]]
name = "cranelift-jit"
version = "0.94.0"
source = "registry+https://github.com/rust-lang/crates.io-index"
checksum = "d18592c79c348a6205cb88ba48b6e8e1aa89456c0df72688c7893cc1fb92416a"
dependencies = [
 "anyhow",
 "cranelift-codegen",
 "cranelift-entity",
 "cranelift-module",
 "cranelift-native",
 "libc",
 "log",
 "region",
 "target-lexicon",
 "wasmtime-jit-icache-coherence",
 "windows-sys",
]

[[package]]
name = "cranelift-module"
version = "0.94.0"
source = "registry+https://github.com/rust-lang/crates.io-index"
checksum = "5b136bcc7973b219aef04b470a577894ba2893159a811b45144bd13502e48ddc"
dependencies = [
 "anyhow",
 "cranelift-codegen",
]

[[package]]
name = "cranelift-native"
version = "0.94.0"
source = "registry+https://github.com/rust-lang/crates.io-index"
checksum = "797c6e5643eb654bb7bf496f1f03518323a89b937b84020b786620f910364a52"
dependencies = [
 "cranelift-codegen",
 "libc",
 "target-lexicon",
]

[[package]]
name = "cranelift-object"
version = "0.94.0"
source = "registry+https://github.com/rust-lang/crates.io-index"
checksum = "51cd6a413e8fe75c88db83e95e634e2b2f2dbdc37f16a2af8acf30c6e70c03ba"
dependencies = [
 "anyhow",
 "cranelift-codegen",
 "cranelift-module",
 "log",
 "object",
 "target-lexicon",
]

[[package]]
name = "crc32fast"
version = "1.3.2"
source = "registry+https://github.com/rust-lang/crates.io-index"
checksum = "b540bd8bc810d3885c6ea91e2018302f68baba2129ab3e88f32389ee9370880d"
dependencies = [
 "cfg-if",
]

[[package]]
name = "errno"
version = "0.2.8"
source = "registry+https://github.com/rust-lang/crates.io-index"
checksum = "f639046355ee4f37944e44f60642c6f3a7efa3cf6b78c78a0d989a8ce6c396a1"
dependencies = [
 "errno-dragonfly",
 "libc",
 "winapi",
]

[[package]]
name = "errno-dragonfly"
version = "0.1.2"
source = "registry+https://github.com/rust-lang/crates.io-index"
checksum = "aa68f1b12764fab894d2755d2518754e71b4fd80ecfb822714a1206c2aab39bf"
dependencies = [
 "cc",
 "libc",
]

[[package]]
name = "fallible-iterator"
version = "0.2.0"
source = "registry+https://github.com/rust-lang/crates.io-index"
checksum = "4443176a9f2c162692bd3d352d745ef9413eec5782a80d8fd6f8a1ac692a07f7"

[[package]]
name = "fxhash"
version = "0.2.1"
source = "registry+https://github.com/rust-lang/crates.io-index"
checksum = "c31b6d751ae2c7f11320402d34e41349dd1016f8d5d45e48c4312bc8625af50c"
dependencies = [
 "byteorder",
]

[[package]]
name = "gimli"
version = "0.27.2"
source = "registry+https://github.com/rust-lang/crates.io-index"
checksum = "ad0a93d233ebf96623465aad4046a8d3aa4da22d4f4beba5388838c8a434bbb4"
dependencies = [
 "fallible-iterator",
 "indexmap",
 "stable_deref_trait",
]

[[package]]
name = "hashbrown"
version = "0.12.3"
source = "registry+https://github.com/rust-lang/crates.io-index"
checksum = "8a9ee70c43aaf417c914396645a0fa852624801b24ebb7ae78fe8272889ac888"

[[package]]
name = "hashbrown"
version = "0.13.2"
source = "registry+https://github.com/rust-lang/crates.io-index"
checksum = "43a3c133739dddd0d2990f9a4bdf8eb4b21ef50e4851ca85ab661199821d510e"
dependencies = [
 "ahash",
]

[[package]]
name = "heck"
version = "0.4.1"
source = "registry+https://github.com/rust-lang/crates.io-index"
checksum = "95505c38b4572b2d910cecb0281560f54b440a19336cbbcb27bf6ce6adc6f5a8"

[[package]]
name = "hermit-abi"
version = "0.3.1"
source = "registry+https://github.com/rust-lang/crates.io-index"
checksum = "fed44880c466736ef9a5c5b5facefb5ed0785676d0c02d612db14e54f0d84286"

[[package]]
name = "indexmap"
version = "1.9.3"
source = "registry+https://github.com/rust-lang/crates.io-index"
checksum = "bd070e393353796e801d209ad339e89596eb4c8d430d18ede6a1cced8fafbd99"
dependencies = [
 "autocfg",
 "hashbrown 0.12.3",
]

[[package]]
name = "io-lifetimes"
version = "1.0.9"
source = "registry+https://github.com/rust-lang/crates.io-index"
checksum = "09270fd4fa1111bc614ed2246c7ef56239a3063d5be0d1ec3b589c505d400aeb"
dependencies = [
 "hermit-abi",
 "libc",
 "windows-sys",
]

[[package]]
name = "is-terminal"
version = "0.4.5"
source = "registry+https://github.com/rust-lang/crates.io-index"
checksum = "8687c819457e979cc940d09cb16e42a1bf70aa6b60a549de6d3a62a0ee90c69e"
dependencies = [
 "hermit-abi",
 "io-lifetimes",
 "rustix",
 "windows-sys",
]

[[package]]
name = "libc"
version = "0.2.140"
source = "registry+https://github.com/rust-lang/crates.io-index"
checksum = "99227334921fae1a979cf0bfdfcc6b3e5ce376ef57e16fb6fb3ea2ed6095f80c"

[[package]]
name = "linux-raw-sys"
version = "0.1.4"
source = "registry+https://github.com/rust-lang/crates.io-index"
checksum = "f051f77a7c8e6957c0696eac88f26b0117e54f52d3fc682ab19397a8812846a4"

[[package]]
name = "log"
version = "0.4.17"
source = "registry+https://github.com/rust-lang/crates.io-index"
checksum = "abb12e687cfb44aa40f41fc3978ef76448f9b6038cad6aef4259d3c095a2382e"
dependencies = [
 "cfg-if",
]

[[package]]
name = "mach"
version = "0.3.2"
source = "registry+https://github.com/rust-lang/crates.io-index"
checksum = "b823e83b2affd8f40a9ee8c29dbc56404c1e34cd2710921f2801e2cf29527afa"
dependencies = [
 "libc",
]

[[package]]
name = "memchr"
version = "2.5.0"
source = "registry+https://github.com/rust-lang/crates.io-index"
checksum = "2dffe52ecf27772e601905b7522cb4ef790d2cc203488bbd0e2fe85fcb74566d"

[[package]]
name = "object"
version = "0.30.3"
source = "registry+https://github.com/rust-lang/crates.io-index"
checksum = "ea86265d3d3dcb6a27fc51bd29a4bf387fae9d2986b823079d4986af253eb439"
dependencies = [
 "crc32fast",
 "hashbrown 0.13.2",
 "indexmap",
 "memchr",
]

[[package]]
name = "once_cell"
version = "1.17.1"
source = "registry+https://github.com/rust-lang/crates.io-index"
checksum = "b7e5500299e16ebb147ae15a00a942af264cf3688f47923b8fc2cd5858f23ad3"

[[package]]
name = "os_str_bytes"
version = "6.5.0"
source = "registry+https://github.com/rust-lang/crates.io-index"
checksum = "ceedf44fb00f2d1984b0bc98102627ce622e083e49a5bacdb3e514fa4238e267"

[[package]]
name = "peg"
version = "0.8.1"
source = "registry+https://github.com/rust-lang/crates.io-index"
checksum = "a07f2cafdc3babeebc087e499118343442b742cc7c31b4d054682cc598508554"
dependencies = [
 "peg-macros",
 "peg-runtime",
]

[[package]]
name = "peg-macros"
version = "0.8.1"
source = "registry+https://github.com/rust-lang/crates.io-index"
checksum = "4a90084dc05cf0428428e3d12399f39faad19b0909f64fb9170c9fdd6d9cd49b"
dependencies = [
 "peg-runtime",
 "proc-macro2",
 "quote",
]

[[package]]
name = "peg-runtime"
version = "0.8.1"
source = "registry+https://github.com/rust-lang/crates.io-index"
checksum = "9fa00462b37ead6d11a82c9d568b26682d78e0477dc02d1966c013af80969739"

[[package]]
name = "proc-macro2"
version = "1.0.54"
source = "registry+https://github.com/rust-lang/crates.io-index"
checksum = "e472a104799c74b514a57226160104aa483546de37e839ec50e3c2e41dd87534"
dependencies = [
 "unicode-ident",
]

[[package]]
name = "quote"
version = "1.0.26"
source = "registry+https://github.com/rust-lang/crates.io-index"
checksum = "4424af4bf778aae2051a77b60283332f386554255d722233d09fbfc7e30da2fc"
dependencies = [
 "proc-macro2",
]

[[package]]
name = "regalloc2"
version = "0.6.1"
source = "registry+https://github.com/rust-lang/crates.io-index"
checksum = "80535183cae11b149d618fbd3c37e38d7cda589d82d7769e196ca9a9042d7621"
dependencies = [
 "fxhash",
 "log",
 "slice-group-by",
 "smallvec",
]

[[package]]
name = "region"
version = "2.2.0"
source = "registry+https://github.com/rust-lang/crates.io-index"
checksum = "877e54ea2adcd70d80e9179344c97f93ef0dffd6b03e1f4529e6e83ab2fa9ae0"
dependencies = [
 "bitflags",
 "libc",
 "mach",
 "winapi",
]

[[package]]
name = "rpy"
version = "0.1.0"
dependencies = [
 "clap",
 "cranelift",
 "cranelift-jit",
 "cranelift-module",
 "cranelift-native",
 "cranelift-object",
 "peg",
]

[[package]]
name = "rustix"
version = "0.36.11"
source = "registry+https://github.com/rust-lang/crates.io-index"
checksum = "db4165c9963ab29e422d6c26fbc1d37f15bace6b2810221f9d925023480fcf0e"
dependencies = [
 "bitflags",
 "errno",
 "io-lifetimes",
 "libc",
 "linux-raw-sys",
 "windows-sys",
]

[[package]]
name = "slice-group-by"
version = "0.3.0"
source = "registry+https://github.com/rust-lang/crates.io-index"
checksum = "03b634d87b960ab1a38c4fe143b508576f075e7c978bfad18217645ebfdfa2ec"

[[package]]
name = "smallvec"
version = "1.10.0"
source = "registry+https://github.com/rust-lang/crates.io-index"
checksum = "a507befe795404456341dfab10cef66ead4c041f62b8b11bbb92bffe5d0953e0"

[[package]]
name = "stable_deref_trait"
version = "1.2.0"
source = "registry+https://github.com/rust-lang/crates.io-index"
checksum = "a8f112729512f8e442d81f95a8a7ddf2b7c6b8a1a6f509a95864142b30cab2d3"

[[package]]
name = "strsim"
version = "0.10.0"
source = "registry+https://github.com/rust-lang/crates.io-index"
checksum = "73473c0e59e6d5812c5dfe2a064a6444949f089e20eec9a2e5506596494e4623"

[[package]]
name = "syn"
version = "2.0.10"
source = "registry+https://github.com/rust-lang/crates.io-index"
checksum = "5aad1363ed6d37b84299588d62d3a7d95b5a5c2d9aad5c85609fda12afaa1f40"
dependencies = [
 "proc-macro2",
 "quote",
 "unicode-ident",
]

[[package]]
name = "target-lexicon"
version = "0.12.6"
source = "registry+https://github.com/rust-lang/crates.io-index"
checksum = "8ae9980cab1db3fceee2f6c6f643d5d8de2997c58ee8d25fb0cc8a9e9e7348e5"

[[package]]
name = "termcolor"
version = "1.2.0"
source = "registry+https://github.com/rust-lang/crates.io-index"
checksum = "be55cf8942feac5c765c2c993422806843c9a9a45d4d5c407ad6dd2ea95eb9b6"
dependencies = [
 "winapi-util",
]

[[package]]
name = "unicode-ident"
version = "1.0.8"
source = "registry+https://github.com/rust-lang/crates.io-index"
checksum = "e5464a87b239f13a63a501f2701565754bae92d243d4bb7eb12f6d57d2269bf4"

[[package]]
name = "version_check"
version = "0.9.4"
source = "registry+https://github.com/rust-lang/crates.io-index"
checksum = "49874b5167b65d7193b8aba1567f5c7d93d001cafc34600cee003eda787e483f"

[[package]]
name = "wasmtime-jit-icache-coherence"
version = "7.0.0"
source = "registry+https://github.com/rust-lang/crates.io-index"
checksum = "4c8c01a070f55343f7afd309a9609c12378548b26c3f53c599bc711bb1ce42ee"
dependencies = [
 "cfg-if",
 "libc",
 "windows-sys",
]

[[package]]
name = "winapi"
version = "0.3.9"
source = "registry+https://github.com/rust-lang/crates.io-index"
checksum = "5c839a674fcd7a98952e593242ea400abe93992746761e38641405d28b00f419"
dependencies = [
 "winapi-i686-pc-windows-gnu",
 "winapi-x86_64-pc-windows-gnu",
]

[[package]]
name = "winapi-i686-pc-windows-gnu"
version = "0.4.0"
source = "registry+https://github.com/rust-lang/crates.io-index"
checksum = "ac3b87c63620426dd9b991e5ce0329eff545bccbbb34f3be09ff6fb6ab51b7b6"

[[package]]
name = "winapi-util"
version = "0.1.5"
source = "registry+https://github.com/rust-lang/crates.io-index"
checksum = "70ec6ce85bb158151cae5e5c87f95a8e97d2c0c4b001223f33a334e3ce5de178"
dependencies = [
 "winapi",
]

[[package]]
name = "winapi-x86_64-pc-windows-gnu"
version = "0.4.0"
source = "registry+https://github.com/rust-lang/crates.io-index"
checksum = "712e227841d057c1ee1cd2fb22fa7e5a5461ae8e48fa2ca79ec42cfc1931183f"

[[package]]
name = "windows-sys"
version = "0.45.0"
source = "registry+https://github.com/rust-lang/crates.io-index"
checksum = "75283be5efb2831d37ea142365f009c02ec203cd29a3ebecbc093d52315b66d0"
dependencies = [
 "windows-targets",
]

[[package]]
name = "windows-targets"
version = "0.42.2"
source = "registry+https://github.com/rust-lang/crates.io-index"
checksum = "8e5180c00cd44c9b1c88adb3693291f1cd93605ded80c250a75d472756b4d071"
dependencies = [
 "windows_aarch64_gnullvm",
 "windows_aarch64_msvc",
 "windows_i686_gnu",
 "windows_i686_msvc",
 "windows_x86_64_gnu",
 "windows_x86_64_gnullvm",
 "windows_x86_64_msvc",
]

[[package]]
name = "windows_aarch64_gnullvm"
version = "0.42.2"
source = "registry+https://github.com/rust-lang/crates.io-index"
checksum = "597a5118570b68bc08d8d59125332c54f1ba9d9adeedeef5b99b02ba2b0698f8"

[[package]]
name = "windows_aarch64_msvc"
version = "0.42.2"
source = "registry+https://github.com/rust-lang/crates.io-index"
checksum = "e08e8864a60f06ef0d0ff4ba04124db8b0fb3be5776a5cd47641e942e58c4d43"

[[package]]
name = "windows_i686_gnu"
version = "0.42.2"
source = "registry+https://github.com/rust-lang/crates.io-index"
checksum = "c61d927d8da41da96a81f029489353e68739737d3beca43145c8afec9a31a84f"

[[package]]
name = "windows_i686_msvc"
version = "0.42.2"
source = "registry+https://github.com/rust-lang/crates.io-index"
checksum = "44d840b6ec649f480a41c8d80f9c65108b92d89345dd94027bfe06ac444d1060"

[[package]]
name = "windows_x86_64_gnu"
version = "0.42.2"
source = "registry+https://github.com/rust-lang/crates.io-index"
checksum = "8de912b8b8feb55c064867cf047dda097f92d51efad5b491dfb98f6bbb70cb36"

[[package]]
name = "windows_x86_64_gnullvm"
version = "0.42.2"
source = "registry+https://github.com/rust-lang/crates.io-index"
checksum = "26d41b46a36d453748aedef1486d5c7a85db22e56aff34643984ea85514e94a3"

[[package]]
name = "windows_x86_64_msvc"
version = "0.42.2"
source = "registry+https://github.com/rust-lang/crates.io-index"
checksum = "9aec5da331524158c6d1a4ac0ab1541149c0b9505fde06423b02f5ef0106b9f0"
